// !$*UTF8*$!
{
	archiveVersion = 1;
	classes = {
	};
	objectVersion = 50;
	objects = {

/* Begin PBXBuildFile section */
		E8002B67237AEFA000AC9423 /* AppDelegate.m in Sources */ = {isa = PBXBuildFile; fileRef = E8002B66237AEFA000AC9423 /* AppDelegate.m */; };
		E8002B6A237AEFA000AC9423 /* SceneDelegate.m in Sources */ = {isa = PBXBuildFile; fileRef = E8002B69237AEFA000AC9423 /* SceneDelegate.m */; };
		E8002B6D237AEFA000AC9423 /* ViewController.m in Sources */ = {isa = PBXBuildFile; fileRef = E8002B6C237AEFA000AC9423 /* ViewController.m */; };
		E8002B70237AEFA000AC9423 /* Main.storyboard in Resources */ = {isa = PBXBuildFile; fileRef = E8002B6E237AEFA000AC9423 /* Main.storyboard */; };
		E8002B72237AEFA200AC9423 /* Assets.xcassets in Resources */ = {isa = PBXBuildFile; fileRef = E8002B71237AEFA200AC9423 /* Assets.xcassets */; };
		E8002B75237AEFA200AC9423 /* LaunchScreen.storyboard in Resources */ = {isa = PBXBuildFile; fileRef = E8002B73237AEFA200AC9423 /* LaunchScreen.storyboard */; };
		E8002B78237AEFA200AC9423 /* main.m in Sources */ = {isa = PBXBuildFile; fileRef = E8002B77237AEFA200AC9423 /* main.m */; };
		E8002B82237AEFA200AC9423 /* OpenGLFilterTests.m in Sources */ = {isa = PBXBuildFile; fileRef = E8002B81237AEFA200AC9423 /* OpenGLFilterTests.m */; };
		E8002B8D237AEFA200AC9423 /* OpenGLFilterUITests.m in Sources */ = {isa = PBXBuildFile; fileRef = E8002B8C237AEFA200AC9423 /* OpenGLFilterUITests.m */; };
/* End PBXBuildFile section */

/* Begin PBXContainerItemProxy section */
		E8002B7E237AEFA200AC9423 /* PBXContainerItemProxy */ = {
			isa = PBXContainerItemProxy;
			containerPortal = E8002B5A237AEFA000AC9423 /* Project object */;
			proxyType = 1;
			remoteGlobalIDString = E8002B61237AEFA000AC9423;
			remoteInfo = OpenGLFilter;
		};
		E8002B89237AEFA200AC9423 /* PBXContainerItemProxy */ = {
			isa = PBXContainerItemProxy;
			containerPortal = E8002B5A237AEFA000AC9423 /* Project object */;
			proxyType = 1;
			remoteGlobalIDString = E8002B61237AEFA000AC9423;
			remoteInfo = OpenGLFilter;
		};
/* End PBXContainerItemProxy section */

/* Begin PBXFileReference section */
		E8002B62237AEFA000AC9423 /* OpenGLFilter.app */ = {isa = PBXFileReference; explicitFileType = wrapper.application; includeInIndex = 0; path = OpenGLFilter.app; sourceTree = BUILT_PRODUCTS_DIR; };
		E8002B65237AEFA000AC9423 /* AppDelegate.h */ = {isa = PBXFileReference; lastKnownFileType = sourcecode.c.h; path = AppDelegate.h; sourceTree = "<group>"; };
		E8002B66237AEFA000AC9423 /* AppDelegate.m */ = {isa = PBXFileReference; lastKnownFileType = sourcecode.c.objc; path = AppDelegate.m; sourceTree = "<group>"; };
		E8002B68237AEFA000AC9423 /* SceneDelegate.h */ = {isa = PBXFileReference; lastKnownFileType = sourcecode.c.h; path = SceneDelegate.h; sourceTree = "<group>"; };
		E8002B69237AEFA000AC9423 /* SceneDelegate.m */ = {isa = PBXFileReference; lastKnownFileType = sourcecode.c.objc; path = SceneDelegate.m; sourceTree = "<group>"; };
		E8002B6B237AEFA000AC9423 /* ViewController.h */ = {isa = PBXFileReference; lastKnownFileType = sourcecode.c.h; path = ViewController.h; sourceTree = "<group>"; };
		E8002B6C237AEFA000AC9423 /* ViewController.m */ = {isa = PBXFileReference; lastKnownFileType = sourcecode.c.objc; path = ViewController.m; sourceTree = "<group>"; };
		E8002B6F237AEFA000AC9423 /* Base */ = {isa = PBXFileReference; lastKnownFileType = file.storyboard; name = Base; path = Base.lproj/Main.storyboard; sourceTree = "<group>"; };
		E8002B71237AEFA200AC9423 /* Assets.xcassets */ = {isa = PBXFileReference; lastKnownFileType = folder.assetcatalog; path = Assets.xcassets; sourceTree = "<group>"; };
		E8002B74237AEFA200AC9423 /* Base */ = {isa = PBXFileReference; lastKnownFileType = file.storyboard; name = Base; path = Base.lproj/LaunchScreen.storyboard; sourceTree = "<group>"; };
		E8002B76237AEFA200AC9423 /* Info.plist */ = {isa = PBXFileReference; lastKnownFileType = text.plist.xml; path = Info.plist; sourceTree = "<group>"; };
		E8002B77237AEFA200AC9423 /* main.m */ = {isa = PBXFileReference; lastKnownFileType = sourcecode.c.objc; path = main.m; sourceTree = "<group>"; };
		E8002B7D237AEFA200AC9423 /* OpenGLFilterTests.xctest */ = {isa = PBXFileReference; explicitFileType = wrapper.cfbundle; includeInIndex = 0; path = OpenGLFilterTests.xctest; sourceTree = BUILT_PRODUCTS_DIR; };
		E8002B81237AEFA200AC9423 /* OpenGLFilterTests.m */ = {isa = PBXFileReference; lastKnownFileType = sourcecode.c.objc; path = OpenGLFilterTests.m; sourceTree = "<group>"; };
		E8002B83237AEFA200AC9423 /* Info.plist */ = {isa = PBXFileReference; lastKnownFileType = text.plist.xml; path = Info.plist; sourceTree = "<group>"; };
		E8002B88237AEFA200AC9423 /* OpenGLFilterUITests.xctest */ = {isa = PBXFileReference; explicitFileType = wrapper.cfbundle; includeInIndex = 0; path = OpenGLFilterUITests.xctest; sourceTree = BUILT_PRODUCTS_DIR; };
		E8002B8C237AEFA200AC9423 /* OpenGLFilterUITests.m */ = {isa = PBXFileReference; lastKnownFileType = sourcecode.c.objc; path = OpenGLFilterUITests.m; sourceTree = "<group>"; };
		E8002B8E237AEFA200AC9423 /* Info.plist */ = {isa = PBXFileReference; lastKnownFileType = text.plist.xml; path = Info.plist; sourceTree = "<group>"; };
/* End PBXFileReference section */

/* Begin PBXFrameworksBuildPhase section */
		E8002B5F237AEFA000AC9423 /* Frameworks */ = {
			isa = PBXFrameworksBuildPhase;
			buildActionMask = 2147483647;
			files = (
			);
			runOnlyForDeploymentPostprocessing = 0;
		};
		E8002B7A237AEFA200AC9423 /* Frameworks */ = {
			isa = PBXFrameworksBuildPhase;
			buildActionMask = 2147483647;
			files = (
			);
			runOnlyForDeploymentPostprocessing = 0;
		};
		E8002B85237AEFA200AC9423 /* Frameworks */ = {
			isa = PBXFrameworksBuildPhase;
			buildActionMask = 2147483647;
			files = (
			);
			runOnlyForDeploymentPostprocessing = 0;
		};
/* End PBXFrameworksBuildPhase section */

/* Begin PBXGroup section */
		E8002B59237AEFA000AC9423 = {
			isa = PBXGroup;
			children = (
				E8002B64237AEFA000AC9423 /* OpenGLFilter */,
				E8002B80237AEFA200AC9423 /* OpenGLFilterTests */,
				E8002B8B237AEFA200AC9423 /* OpenGLFilterUITests */,
				E8002B63237AEFA000AC9423 /* Products */,
			);
			sourceTree = "<group>";
		};
		E8002B63237AEFA000AC9423 /* Products */ = {
			isa = PBXGroup;
			children = (
				E8002B62237AEFA000AC9423 /* OpenGLFilter.app */,
				E8002B7D237AEFA200AC9423 /* OpenGLFilterTests.xctest */,
				E8002B88237AEFA200AC9423 /* OpenGLFilterUITests.xctest */,
			);
			name = Products;
			sourceTree = "<group>";
		};
		E8002B64237AEFA000AC9423 /* OpenGLFilter */ = {
			isa = PBXGroup;
			children = (
				E8002B65237AEFA000AC9423 /* AppDelegate.h */,
				E8002B66237AEFA000AC9423 /* AppDelegate.m */,
				E8002B68237AEFA000AC9423 /* SceneDelegate.h */,
				E8002B69237AEFA000AC9423 /* SceneDelegate.m */,
				E8002B6B237AEFA000AC9423 /* ViewController.h */,
				E8002B6C237AEFA000AC9423 /* ViewController.m */,
				E8002B6E237AEFA000AC9423 /* Main.storyboard */,
				E8002B71237AEFA200AC9423 /* Assets.xcassets */,
				E8002B73237AEFA200AC9423 /* LaunchScreen.storyboard */,
				E8002B76237AEFA200AC9423 /* Info.plist */,
				E8002B77237AEFA200AC9423 /* main.m */,
			);
			path = OpenGLFilter;
			sourceTree = "<group>";
		};
		E8002B80237AEFA200AC9423 /* OpenGLFilterTests */ = {
			isa = PBXGroup;
			children = (
				E8002B81237AEFA200AC9423 /* OpenGLFilterTests.m */,
				E8002B83237AEFA200AC9423 /* Info.plist */,
			);
			path = OpenGLFilterTests;
			sourceTree = "<group>";
		};
		E8002B8B237AEFA200AC9423 /* OpenGLFilterUITests */ = {
			isa = PBXGroup;
			children = (
				E8002B8C237AEFA200AC9423 /* OpenGLFilterUITests.m */,
				E8002B8E237AEFA200AC9423 /* Info.plist */,
			);
			path = OpenGLFilterUITests;
			sourceTree = "<group>";
		};
/* End PBXGroup section */

/* Begin PBXNativeTarget section */
		E8002B61237AEFA000AC9423 /* OpenGLFilter */ = {
			isa = PBXNativeTarget;
			buildConfigurationList = E8002B91237AEFA200AC9423 /* Build configuration list for PBXNativeTarget "OpenGLFilter" */;
			buildPhases = (
				E8002B5E237AEFA000AC9423 /* Sources */,
				E8002B5F237AEFA000AC9423 /* Frameworks */,
				E8002B60237AEFA000AC9423 /* Resources */,
			);
			buildRules = (
			);
			dependencies = (
			);
			name = OpenGLFilter;
			productName = OpenGLFilter;
			productReference = E8002B62237AEFA000AC9423 /* OpenGLFilter.app */;
			productType = "com.apple.product-type.application";
		};
		E8002B7C237AEFA200AC9423 /* OpenGLFilterTests */ = {
			isa = PBXNativeTarget;
			buildConfigurationList = E8002B94237AEFA200AC9423 /* Build configuration list for PBXNativeTarget "OpenGLFilterTests" */;
			buildPhases = (
				E8002B79237AEFA200AC9423 /* Sources */,
				E8002B7A237AEFA200AC9423 /* Frameworks */,
				E8002B7B237AEFA200AC9423 /* Resources */,
			);
			buildRules = (
			);
			dependencies = (
				E8002B7F237AEFA200AC9423 /* PBXTargetDependency */,
			);
			name = OpenGLFilterTests;
			productName = OpenGLFilterTests;
			productReference = E8002B7D237AEFA200AC9423 /* OpenGLFilterTests.xctest */;
			productType = "com.apple.product-type.bundle.unit-test";
		};
		E8002B87237AEFA200AC9423 /* OpenGLFilterUITests */ = {
			isa = PBXNativeTarget;
			buildConfigurationList = E8002B97237AEFA200AC9423 /* Build configuration list for PBXNativeTarget "OpenGLFilterUITests" */;
			buildPhases = (
				E8002B84237AEFA200AC9423 /* Sources */,
				E8002B85237AEFA200AC9423 /* Frameworks */,
				E8002B86237AEFA200AC9423 /* Resources */,
			);
			buildRules = (
			);
			dependencies = (
				E8002B8A237AEFA200AC9423 /* PBXTargetDependency */,
			);
			name = OpenGLFilterUITests;
			productName = OpenGLFilterUITests;
			productReference = E8002B88237AEFA200AC9423 /* OpenGLFilterUITests.xctest */;
			productType = "com.apple.product-type.bundle.ui-testing";
		};
/* End PBXNativeTarget section */

/* Begin PBXProject section */
		E8002B5A237AEFA000AC9423 /* Project object */ = {
			isa = PBXProject;
			attributes = {
				LastUpgradeCheck = 1100;
				ORGANIZATIONNAME = "李勇猛";
				TargetAttributes = {
					E8002B61237AEFA000AC9423 = {
						CreatedOnToolsVersion = 11.0;
					};
					E8002B7C237AEFA200AC9423 = {
						CreatedOnToolsVersion = 11.0;
						TestTargetID = E8002B61237AEFA000AC9423;
					};
					E8002B87237AEFA200AC9423 = {
						CreatedOnToolsVersion = 11.0;
						TestTargetID = E8002B61237AEFA000AC9423;
					};
				};
			};
			buildConfigurationList = E8002B5D237AEFA000AC9423 /* Build configuration list for PBXProject "OpenGLFilter" */;
			compatibilityVersion = "Xcode 9.3";
			developmentRegion = en;
			hasScannedForEncodings = 0;
			knownRegions = (
				en,
				Base,
			);
			mainGroup = E8002B59237AEFA000AC9423;
			productRefGroup = E8002B63237AEFA000AC9423 /* Products */;
			projectDirPath = "";
			projectRoot = "";
			targets = (
				E8002B61237AEFA000AC9423 /* OpenGLFilter */,
				E8002B7C237AEFA200AC9423 /* OpenGLFilterTests */,
				E8002B87237AEFA200AC9423 /* OpenGLFilterUITests */,
			);
		};
/* End PBXProject section */

/* Begin PBXResourcesBuildPhase section */
		E8002B60237AEFA000AC9423 /* Resources */ = {
			isa = PBXResourcesBuildPhase;
			buildActionMask = 2147483647;
			files = (
				E8002B75237AEFA200AC9423 /* LaunchScreen.storyboard in Resources */,
				E8002B72237AEFA200AC9423 /* Assets.xcassets in Resources */,
				E8002B70237AEFA000AC9423 /* Main.storyboard in Resources */,
			);
			runOnlyForDeploymentPostprocessing = 0;
		};
		E8002B7B237AEFA200AC9423 /* Resources */ = {
			isa = PBXResourcesBuildPhase;
			buildActionMask = 2147483647;
			files = (
			);
			runOnlyForDeploymentPostprocessing = 0;
		};
		E8002B86237AEFA200AC9423 /* Resources */ = {
			isa = PBXResourcesBuildPhase;
			buildActionMask = 2147483647;
			files = (
			);
			runOnlyForDeploymentPostprocessing = 0;
		};
/* End PBXResourcesBuildPhase section */

/* Begin PBXSourcesBuildPhase section */
		E8002B5E237AEFA000AC9423 /* Sources */ = {
			isa = PBXSourcesBuildPhase;
			buildActionMask = 2147483647;
			files = (
				E8002B6D237AEFA000AC9423 /* ViewController.m in Sources */,
				E8002B67237AEFA000AC9423 /* AppDelegate.m in Sources */,
				E8002B78237AEFA200AC9423 /* main.m in Sources */,
				E8002B6A237AEFA000AC9423 /* SceneDelegate.m in Sources */,
			);
			runOnlyForDeploymentPostprocessing = 0;
		};
		E8002B79237AEFA200AC9423 /* Sources */ = {
			isa = PBXSourcesBuildPhase;
			buildActionMask = 2147483647;
			files = (
				E8002B82237AEFA200AC9423 /* OpenGLFilterTests.m in Sources */,
			);
			runOnlyForDeploymentPostprocessing = 0;
		};
		E8002B84237AEFA200AC9423 /* Sources */ = {
			isa = PBXSourcesBuildPhase;
			buildActionMask = 2147483647;
			files = (
				E8002B8D237AEFA200AC9423 /* OpenGLFilterUITests.m in Sources */,
			);
			runOnlyForDeploymentPostprocessing = 0;
		};
/* End PBXSourcesBuildPhase section */

/* Begin PBXTargetDependency section */
		E8002B7F237AEFA200AC9423 /* PBXTargetDependency */ = {
			isa = PBXTargetDependency;
			target = E8002B61237AEFA000AC9423 /* OpenGLFilter */;
			targetProxy = E8002B7E237AEFA200AC9423 /* PBXContainerItemProxy */;
		};
		E8002B8A237AEFA200AC9423 /* PBXTargetDependency */ = {
			isa = PBXTargetDependency;
			target = E8002B61237AEFA000AC9423 /* OpenGLFilter */;
			targetProxy = E8002B89237AEFA200AC9423 /* PBXContainerItemProxy */;
		};
/* End PBXTargetDependency section */

/* Begin PBXVariantGroup section */
		E8002B6E237AEFA000AC9423 /* Main.storyboard */ = {
			isa = PBXVariantGroup;
			children = (
				E8002B6F237AEFA000AC9423 /* Base */,
			);
			name = Main.storyboard;
			sourceTree = "<group>";
		};
		E8002B73237AEFA200AC9423 /* LaunchScreen.storyboard */ = {
			isa = PBXVariantGroup;
			children = (
				E8002B74237AEFA200AC9423 /* Base */,
			);
			name = LaunchScreen.storyboard;
			sourceTree = "<group>";
		};
/* End PBXVariantGroup section */

/* Begin XCBuildConfiguration section */
		E8002B8F237AEFA200AC9423 /* Debug */ = {
			isa = XCBuildConfiguration;
			buildSettings = {
				ALWAYS_SEARCH_USER_PATHS = NO;
				CLANG_ANALYZER_NONNULL = YES;
				CLANG_ANALYZER_NUMBER_OBJECT_CONVERSION = YES_AGGRESSIVE;
				CLANG_CXX_LANGUAGE_STANDARD = "gnu++14";
				CLANG_CXX_LIBRARY = "libc++";
				CLANG_ENABLE_MODULES = YES;
				CLANG_ENABLE_OBJC_ARC = YES;
				CLANG_ENABLE_OBJC_WEAK = YES;
				CLANG_WARN_BLOCK_CAPTURE_AUTORELEASING = YES;
				CLANG_WARN_BOOL_CONVERSION = YES;
				CLANG_WARN_COMMA = YES;
				CLANG_WARN_CONSTANT_CONVERSION = YES;
				CLANG_WARN_DEPRECATED_OBJC_IMPLEMENTATIONS = YES;
				CLANG_WARN_DIRECT_OBJC_ISA_USAGE = YES_ERROR;
				CLANG_WARN_DOCUMENTATION_COMMENTS = YES;
				CLANG_WARN_EMPTY_BODY = YES;
				CLANG_WARN_ENUM_CONVERSION = YES;
				CLANG_WARN_INFINITE_RECURSION = YES;
				CLANG_WARN_INT_CONVERSION = YES;
				CLANG_WARN_NON_LITERAL_NULL_CONVERSION = YES;
				CLANG_WARN_OBJC_IMPLICIT_RETAIN_SELF = YES;
				CLANG_WARN_OBJC_LITERAL_CONVERSION = YES;
				CLANG_WARN_OBJC_ROOT_CLASS = YES_ERROR;
				CLANG_WARN_RANGE_LOOP_ANALYSIS = YES;
				CLANG_WARN_STRICT_PROTOTYPES = YES;
				CLANG_WARN_SUSPICIOUS_MOVE = YES;
				CLANG_WARN_UNGUARDED_AVAILABILITY = YES_AGGRESSIVE;
				CLANG_WARN_UNREACHABLE_CODE = YES;
				CLANG_WARN__DUPLICATE_METHOD_MATCH = YES;
				COPY_PHASE_STRIP = NO;
				DEBUG_INFORMATION_FORMAT = dwarf;
				ENABLE_STRICT_OBJC_MSGSEND = YES;
				ENABLE_TESTABILITY = YES;
				GCC_C_LANGUAGE_STANDARD = gnu11;
				GCC_DYNAMIC_NO_PIC = NO;
				GCC_NO_COMMON_BLOCKS = YES;
				GCC_OPTIMIZATION_LEVEL = 0;
				GCC_PREPROCESSOR_DEFINITIONS = (
					"DEBUG=1",
					"$(inherited)",
				);
				GCC_WARN_64_TO_32_BIT_CONVERSION = YES;
				GCC_WARN_ABOUT_RETURN_TYPE = YES_ERROR;
				GCC_WARN_UNDECLARED_SELECTOR = YES;
				GCC_WARN_UNINITIALIZED_AUTOS = YES_AGGRESSIVE;
				GCC_WARN_UNUSED_FUNCTION = YES;
				GCC_WARN_UNUSED_VARIABLE = YES;
				IPHONEOS_DEPLOYMENT_TARGET = 13.0;
				MTL_ENABLE_DEBUG_INFO = INCLUDE_SOURCE;
				MTL_FAST_MATH = YES;
				ONLY_ACTIVE_ARCH = YES;
				SDKROOT = iphoneos;
			};
			name = Debug;
		};
		E8002B90237AEFA200AC9423 /* Release */ = {
			isa = XCBuildConfiguration;
			buildSettings = {
				ALWAYS_SEARCH_USER_PATHS = NO;
				CLANG_ANALYZER_NONNULL = YES;
				CLANG_ANALYZER_NUMBER_OBJECT_CONVERSION = YES_AGGRESSIVE;
				CLANG_CXX_LANGUAGE_STANDARD = "gnu++14";
				CLANG_CXX_LIBRARY = "libc++";
				CLANG_ENABLE_MODULES = YES;
				CLANG_ENABLE_OBJC_ARC = YES;
				CLANG_ENABLE_OBJC_WEAK = YES;
				CLANG_WARN_BLOCK_CAPTURE_AUTORELEASING = YES;
				CLANG_WARN_BOOL_CONVERSION = YES;
				CLANG_WARN_COMMA = YES;
				CLANG_WARN_CONSTANT_CONVERSION = YES;
				CLANG_WARN_DEPRECATED_OBJC_IMPLEMENTATIONS = YES;
				CLANG_WARN_DIRECT_OBJC_ISA_USAGE = YES_ERROR;
				CLANG_WARN_DOCUMENTATION_COMMENTS = YES;
				CLANG_WARN_EMPTY_BODY = YES;
				CLANG_WARN_ENUM_CONVERSION = YES;
				CLANG_WARN_INFINITE_RECURSION = YES;
				CLANG_WARN_INT_CONVERSION = YES;
				CLANG_WARN_NON_LITERAL_NULL_CONVERSION = YES;
				CLANG_WARN_OBJC_IMPLICIT_RETAIN_SELF = YES;
				CLANG_WARN_OBJC_LITERAL_CONVERSION = YES;
				CLANG_WARN_OBJC_ROOT_CLASS = YES_ERROR;
				CLANG_WARN_RANGE_LOOP_ANALYSIS = YES;
				CLANG_WARN_STRICT_PROTOTYPES = YES;
				CLANG_WARN_SUSPICIOUS_MOVE = YES;
				CLANG_WARN_UNGUARDED_AVAILABILITY = YES_AGGRESSIVE;
				CLANG_WARN_UNREACHABLE_CODE = YES;
				CLANG_WARN__DUPLICATE_METHOD_MATCH = YES;
				COPY_PHASE_STRIP = NO;
				DEBUG_INFORMATION_FORMAT = "dwarf-with-dsym";
				ENABLE_NS_ASSERTIONS = NO;
				ENABLE_STRICT_OBJC_MSGSEND = YES;
				GCC_C_LANGUAGE_STANDARD = gnu11;
				GCC_NO_COMMON_BLOCKS = YES;
				GCC_WARN_64_TO_32_BIT_CONVERSION = YES;
				GCC_WARN_ABOUT_RETURN_TYPE = YES_ERROR;
				GCC_WARN_UNDECLARED_SELECTOR = YES;
				GCC_WARN_UNINITIALIZED_AUTOS = YES_AGGRESSIVE;
				GCC_WARN_UNUSED_FUNCTION = YES;
				GCC_WARN_UNUSED_VARIABLE = YES;
				IPHONEOS_DEPLOYMENT_TARGET = 13.0;
				MTL_ENABLE_DEBUG_INFO = NO;
				MTL_FAST_MATH = YES;
				SDKROOT = iphoneos;
				VALIDATE_PRODUCT = YES;
			};
			name = Release;
		};
		E8002B92237AEFA200AC9423 /* Debug */ = {
			isa = XCBuildConfiguration;
			buildSettings = {
				ASSETCATALOG_COMPILER_APPICON_NAME = AppIcon;
				CODE_SIGN_STYLE = Automatic;
				INFOPLIST_FILE = OpenGLFilter/Info.plist;
				LD_RUNPATH_SEARCH_PATHS = (
					"$(inherited)",
					"@executable_path/Frameworks",
				);
				PRODUCT_BUNDLE_IDENTIFIER = ddd.OpenGLFilter;
				PRODUCT_NAME = "$(TARGET_NAME)";
				TARGETED_DEVICE_FAMILY = "1,2";
			};
			name = Debug;
		};
		E8002B93237AEFA200AC9423 /* Release */ = {
			isa = XCBuildConfiguration;
			buildSettings = {
				ASSETCATALOG_COMPILER_APPICON_NAME = AppIcon;
				CODE_SIGN_STYLE = Automatic;
				INFOPLIST_FILE = OpenGLFilter/Info.plist;
				LD_RUNPATH_SEARCH_PATHS = (
					"$(inherited)",
					"@executable_path/Frameworks",
				);
				PRODUCT_BUNDLE_IDENTIFIER = ddd.OpenGLFilter;
				PRODUCT_NAME = "$(TARGET_NAME)";
				TARGETED_DEVICE_FAMILY = "1,2";
			};
			name = Release;
		};
		E8002B95237AEFA200AC9423 /* Debug */ = {
			isa = XCBuildConfiguration;
			buildSettings = {
				BUNDLE_LOADER = "$(TEST_HOST)";
				CODE_SIGN_STYLE = Automatic;
				INFOPLIST_FILE = OpenGLFilterTests/Info.plist;
				IPHONEOS_DEPLOYMENT_TARGET = 13.0;
				LD_RUNPATH_SEARCH_PATHS = (
					"$(inherited)",
					"@executable_path/Frameworks",
					"@loader_path/Frameworks",
				);
				PRODUCT_BUNDLE_IDENTIFIER = ddd.OpenGLFilterTests;
				PRODUCT_NAME = "$(TARGET_NAME)";
				TARGETED_DEVICE_FAMILY = "1,2";
				TEST_HOST = "$(BUILT_PRODUCTS_DIR)/OpenGLFilter.app/OpenGLFilter";
			};
			name = Debug;
		};
		E8002B96237AEFA200AC9423 /* Release */ = {
			isa = XCBuildConfiguration;
			buildSettings = {
				BUNDLE_LOADER = "$(TEST_HOST)";
				CODE_SIGN_STYLE = Automatic;
				INFOPLIST_FILE = OpenGLFilterTests/Info.plist;
				IPHONEOS_DEPLOYMENT_TARGET = 13.0;
				LD_RUNPATH_SEARCH_PATHS = (
					"$(inherited)",
					"@executable_path/Frameworks",
					"@loader_path/Frameworks",
				);
				PRODUCT_BUNDLE_IDENTIFIER = ddd.OpenGLFilterTests;
				PRODUCT_NAME = "$(TARGET_NAME)";
				TARGETED_DEVICE_FAMILY = "1,2";
				TEST_HOST = "$(BUILT_PRODUCTS_DIR)/OpenGLFilter.app/OpenGLFilter";
			};
			name = Release;
		};
		E8002B98237AEFA200AC9423 /* Debug */ = {
			isa = XCBuildConfiguration;
			buildSettings = {
				CODE_SIGN_STYLE = Automatic;
				INFOPLIST_FILE = OpenGLFilterUITests/Info.plist;
				LD_RUNPATH_SEARCH_PATHS = (
					"$(inherited)",
					"@executable_path/Frameworks",
					"@loader_path/Frameworks",
				);
				PRODUCT_BUNDLE_IDENTIFIER = ddd.OpenGLFilterUITests;
				PRODUCT_NAME = "$(TARGET_NAME)";
				TARGETED_DEVICE_FAMILY = "1,2";
				TEST_TARGET_NAME = OpenGLFilter;
			};
			name = Debug;
		};
		E8002B99237AEFA200AC9423 /* Release */ = {
			isa = XCBuildConfiguration;
			buildSettings = {
				CODE_SIGN_STYLE = Automatic;
				INFOPLIST_FILE = OpenGLFilterUITests/Info.plist;
				LD_RUNPATH_SEARCH_PATHS = (
					"$(inherited)",
					"@executable_path/Frameworks",
					"@loader_path/Frameworks",
				);
				PRODUCT_BUNDLE_IDENTIFIER = ddd.OpenGLFilterUITests;
				PRODUCT_NAME = "$(TARGET_NAME)";
				TARGETED_DEVICE_FAMILY = "1,2";
				TEST_TARGET_NAME = OpenGLFilter;
			};
			name = Release;
		};
/* End XCBuildConfiguration section */

/* Begin XCConfigurationList section */
		E8002B5D237AEFA000AC9423 /* Build configuration list for PBXProject "OpenGLFilter" */ = {
			isa = XCConfigurationList;
			buildConfigurations = (
				E8002B8F237AEFA200AC9423 /* Debug */,
				E8002B90237AEFA200AC9423 /* Release */,
			);
			defaultConfigurationIsVisible = 0;
			defaultConfigurationName = Release;
		};
		E8002B91237AEFA200AC9423 /* Build configuration list for PBXNativeTarget "OpenGLFilter" */ = {
			isa = XCConfigurationList;
			buildConfigurations = (
				E8002B92237AEFA200AC9423 /* Debug */,
				E8002B93237AEFA200AC9423 /* Release */,
			);
			defaultConfigurationIsVisible = 0;
			defaultConfigurationName = Release;
		};
		E8002B94237AEFA200AC9423 /* Build configuration list for PBXNativeTarget "OpenGLFilterTests" */ = {
			isa = XCConfigurationList;
			buildConfigurations = (
				E8002B95237AEFA200AC9423 /* Debug */,
				E8002B96237AEFA200AC9423 /* Release */,
			);
			defaultConfigurationIsVisible = 0;
			defaultConfigurationName = Release;
		};
		E8002B97237AEFA200AC9423 /* Build configuration list for PBXNativeTarget "OpenGLFilterUITests" */ = {
			isa = XCConfigurationList;
			buildConfigurations = (
				E8002B98237AEFA200AC9423 /* Debug */,
				E8002B99237AEFA200AC9423 /* Release */,
			);
			defaultConfigurationIsVisible = 0;
			defaultConfigurationName = Release;
		};
/* End XCConfigurationList section */
	};
	rootObject = E8002B5A237AEFA000AC9423 /* Project object */;
}
